// !$*UTF8*$!
{
	archiveVersion = 1;
	classes = {
	};
	objectVersion = 77;
	objects = {

/* Begin PBXBuildFile section */
		F151BD8C2D9E4E3800C1D0FA /* Toast in Frameworks */ = {isa = PBXBuildFile; productRef = F151BD8B2D9E4E3800C1D0FA /* Toast */; };
		F17442FF2D9976D30089D8AE /* RxGesture in Frameworks */ = {isa = PBXBuildFile; productRef = F17442FE2D9976D30089D8AE /* RxGesture */; };
		F19FF8672D944A4E00098615 /* RxCocoa in Frameworks */ = {isa = PBXBuildFile; productRef = F19FF8662D944A4E00098615 /* RxCocoa */; };
		F19FF8692D944A4E00098615 /* RxSwift in Frameworks */ = {isa = PBXBuildFile; productRef = F19FF8682D944A4E00098615 /* RxSwift */; };
		F19FF86C2D944A5F00098615 /* Lottie in Frameworks */ = {isa = PBXBuildFile; productRef = F19FF86B2D944A5F00098615 /* Lottie */; };
		F1A266612DB62547006974EA /* FirebaseAnalyticsWithoutAdIdSupport in Frameworks */ = {isa = PBXBuildFile; productRef = F1A266602DB62547006974EA /* FirebaseAnalyticsWithoutAdIdSupport */; };
		F1A266632DB62547006974EA /* FirebaseCrashlytics in Frameworks */ = {isa = PBXBuildFile; productRef = F1A266622DB62547006974EA /* FirebaseCrashlytics */; };
		F1A408B02D956D8700947B9F /* RealmSwift in Frameworks */ = {isa = PBXBuildFile; productRef = F1A408AF2D956D8700947B9F /* RealmSwift */; };
		F1A408B12D956E3B00947B9F /* RealmSwift in Embed Frameworks */ = {isa = PBXBuildFile; productRef = F1A408AF2D956D8700947B9F /* RealmSwift */; settings = {ATTRIBUTES = (CodeSignOnCopy, ); }; };
		F1A408B52D9577A300947B9F /* FSCalendar in Frameworks */ = {isa = PBXBuildFile; productRef = F1A408B42D9577A300947B9F /* FSCalendar */; };
		F1A408B82D9577BE00947B9F /* SnapKit in Frameworks */ = {isa = PBXBuildFile; productRef = F1A408B72D9577BE00947B9F /* SnapKit */; };
		F1C81A332DB7C2480007D059 /* WidgetKit.framework in Frameworks */ = {isa = PBXBuildFile; fileRef = F1C81A322DB7C2480007D059 /* WidgetKit.framework */; };
		F1C81A352DB7C2480007D059 /* SwiftUI.framework in Frameworks */ = {isa = PBXBuildFile; fileRef = F1C81A342DB7C2480007D059 /* SwiftUI.framework */; };
		F1C81A432DB7C24B0007D059 /* StepicWidgetExtension.appex in Embed Foundation Extensions */ = {isa = PBXBuildFile; fileRef = F1C81A302DB7C2480007D059 /* StepicWidgetExtension.appex */; settings = {ATTRIBUTES = (RemoveHeadersOnCopy, ); }; };
		F1C81A4D2DB7C4670007D059 /* RealmSwift in Frameworks */ = {isa = PBXBuildFile; productRef = F1C81A4C2DB7C4670007D059 /* RealmSwift */; };
		F1EDF35C2D9D65AB00B8CD5F /* YPImagePicker in Frameworks */ = {isa = PBXBuildFile; productRef = F1EDF35B2D9D65AB00B8CD5F /* YPImagePicker */; };
		F1EDF3682D9D6EC300B8CD5F /* RxDataSources in Frameworks */ = {isa = PBXBuildFile; productRef = F1EDF3672D9D6EC300B8CD5F /* RxDataSources */; };
		F1FE102D2DA5633C00473ED5 /* ReactorKit in Frameworks */ = {isa = PBXBuildFile; productRef = F1FE102C2DA5633C00473ED5 /* ReactorKit */; };
/* End PBXBuildFile section */

/* Begin PBXContainerItemProxy section */
		F1C81A402DB7C24A0007D059 /* PBXContainerItemProxy */ = {
			isa = PBXContainerItemProxy;
			containerPortal = F19FF83B2D9447B700098615 /* Project object */;
			proxyType = 1;
			remoteGlobalIDString = F1C81A2F2DB7C2480007D059;
			remoteInfo = StepicWidgetExtension;
		};
/* End PBXContainerItemProxy section */

/* Begin PBXCopyFilesBuildPhase section */
		F1A408B22D956E3B00947B9F /* Embed Frameworks */ = {
			isa = PBXCopyFilesBuildPhase;
			buildActionMask = 2147483647;
			dstPath = "";
			dstSubfolderSpec = 10;
			files = (
				F1A408B12D956E3B00947B9F /* RealmSwift in Embed Frameworks */,
			);
			name = "Embed Frameworks";
			runOnlyForDeploymentPostprocessing = 0;
		};
		F1C81A422DB7C24B0007D059 /* Embed Foundation Extensions */ = {
			isa = PBXCopyFilesBuildPhase;
			buildActionMask = 2147483647;
			dstPath = "";
			dstSubfolderSpec = 13;
			files = (
				F1C81A432DB7C24B0007D059 /* StepicWidgetExtension.appex in Embed Foundation Extensions */,
			);
			name = "Embed Foundation Extensions";
			runOnlyForDeploymentPostprocessing = 0;
		};
/* End PBXCopyFilesBuildPhase section */

/* Begin PBXFileReference section */
		F19FF8432D9447B700098615 /* Stepic.app */ = {isa = PBXFileReference; explicitFileType = wrapper.application; includeInIndex = 0; path = Stepic.app; sourceTree = BUILT_PRODUCTS_DIR; };
		F1C81A302DB7C2480007D059 /* StepicWidgetExtension.appex */ = {isa = PBXFileReference; explicitFileType = "wrapper.app-extension"; includeInIndex = 0; path = StepicWidgetExtension.appex; sourceTree = BUILT_PRODUCTS_DIR; };
		F1C81A322DB7C2480007D059 /* WidgetKit.framework */ = {isa = PBXFileReference; lastKnownFileType = wrapper.framework; name = WidgetKit.framework; path = System/Library/Frameworks/WidgetKit.framework; sourceTree = SDKROOT; };
		F1C81A342DB7C2480007D059 /* SwiftUI.framework */ = {isa = PBXFileReference; lastKnownFileType = wrapper.framework; name = SwiftUI.framework; path = System/Library/Frameworks/SwiftUI.framework; sourceTree = SDKROOT; };
		F1C81A502DB7C5440007D059 /* StepicWidgetExtension.entitlements */ = {isa = PBXFileReference; lastKnownFileType = text.plist.entitlements; path = StepicWidgetExtension.entitlements; sourceTree = "<group>"; };
/* End PBXFileReference section */

/* Begin PBXFileSystemSynchronizedBuildFileExceptionSet section */
		F1131F272DB7FF0E00E5BE14 /* Exceptions for "StepicWidget" folder in "Stepic" target */ = {
			isa = PBXFileSystemSynchronizedBuildFileExceptionSet;
			membershipExceptions = (
				Widget/CalendarView/MonthlyCalendarGridView.swift,
				Widget/CalendarView/MonthlyCalendarSmallView.swift,
				Widget/CalendarView/WeeklyCalendarWidgetView.swift,
				Widget/Model/CalendarEntry.swift,
				Widget/Model/DayItem.swift,
				Widget/StepicWidget/StepicWidgetEntryView.swift,
				Widget/StepicWidget/WidgetCalendarTimelineProvider.swift,
			);
			target = F19FF8422D9447B700098615 /* Stepic */;
		};
		F19FF8552D9447B900098615 /* Exceptions for "Stepic" folder in "Stepic" target */ = {
			isa = PBXFileSystemSynchronizedBuildFileExceptionSet;
			membershipExceptions = (
				"/Localized: Resource/Info.plist",
			);
			target = F19FF8422D9447B700098615 /* Stepic */;
		};
		F1C81A472DB7C24B0007D059 /* Exceptions for "StepicWidget" folder in "StepicWidgetExtension" target */ = {
			isa = PBXFileSystemSynchronizedBuildFileExceptionSet;
			membershipExceptions = (
				Resource/Info.plist,
			);
			target = F1C81A2F2DB7C2480007D059 /* StepicWidgetExtension */;
		};
		F1C81A582DB7D67A0007D059 /* Exceptions for "Stepic" folder in "StepicWidgetExtension" target */ = {
			isa = PBXFileSystemSynchronizedBuildFileExceptionSet;
			membershipExceptions = (
				Data/Common/StorageError.swift,
				Data/DTO/Storage/WidgetCalendarObject.swift,
				Data/Service/Storage/WidgetCalendarStorageService.swift,
				"Resource/Extension/String+Literals.swift",
				Resource/Localizable.xcstrings,
			);
			target = F1C81A2F2DB7C2480007D059 /* StepicWidgetExtension */;
		};
/* End PBXFileSystemSynchronizedBuildFileExceptionSet section */

/* Begin PBXFileSystemSynchronizedRootGroup section */
		F19FF8452D9447B700098615 /* Stepic */ = {
			isa = PBXFileSystemSynchronizedRootGroup;
			exceptions = (
				F19FF8552D9447B900098615 /* Exceptions for "Stepic" folder in "Stepic" target */,
				F1C81A582DB7D67A0007D059 /* Exceptions for "Stepic" folder in "StepicWidgetExtension" target */,
			);
			path = Stepic;
			sourceTree = "<group>";
		};
		F1C81A362DB7C2480007D059 /* StepicWidget */ = {
			isa = PBXFileSystemSynchronizedRootGroup;
			exceptions = (
				F1131F272DB7FF0E00E5BE14 /* Exceptions for "StepicWidget" folder in "Stepic" target */,
				F1C81A472DB7C24B0007D059 /* Exceptions for "StepicWidget" folder in "StepicWidgetExtension" target */,
			);
			path = StepicWidget;
			sourceTree = "<group>";
		};
/* End PBXFileSystemSynchronizedRootGroup section */

/* Begin PBXFrameworksBuildPhase section */
		F19FF8402D9447B700098615 /* Frameworks */ = {
			isa = PBXFrameworksBuildPhase;
			buildActionMask = 2147483647;
			files = (
				F19FF8692D944A4E00098615 /* RxSwift in Frameworks */,
				F1A408B52D9577A300947B9F /* FSCalendar in Frameworks */,
				F1FE102D2DA5633C00473ED5 /* ReactorKit in Frameworks */,
				F17442FF2D9976D30089D8AE /* RxGesture in Frameworks */,
				F1EDF3682D9D6EC300B8CD5F /* RxDataSources in Frameworks */,
				F19FF8672D944A4E00098615 /* RxCocoa in Frameworks */,
				F1A408B82D9577BE00947B9F /* SnapKit in Frameworks */,
				F1A266612DB62547006974EA /* FirebaseAnalyticsWithoutAdIdSupport in Frameworks */,
				F1A408B02D956D8700947B9F /* RealmSwift in Frameworks */,
				F1A266632DB62547006974EA /* FirebaseCrashlytics in Frameworks */,
				F1EDF35C2D9D65AB00B8CD5F /* YPImagePicker in Frameworks */,
				F151BD8C2D9E4E3800C1D0FA /* Toast in Frameworks */,
				F19FF86C2D944A5F00098615 /* Lottie in Frameworks */,
			);
			runOnlyForDeploymentPostprocessing = 0;
		};
		F1C81A2D2DB7C2480007D059 /* Frameworks */ = {
			isa = PBXFrameworksBuildPhase;
			buildActionMask = 2147483647;
			files = (
				F1C81A4D2DB7C4670007D059 /* RealmSwift in Frameworks */,
				F1C81A352DB7C2480007D059 /* SwiftUI.framework in Frameworks */,
				F1C81A332DB7C2480007D059 /* WidgetKit.framework in Frameworks */,
			);
			runOnlyForDeploymentPostprocessing = 0;
		};
/* End PBXFrameworksBuildPhase section */

/* Begin PBXGroup section */
		F19FF83A2D9447B700098615 = {
			isa = PBXGroup;
			children = (
				F1C81A502DB7C5440007D059 /* StepicWidgetExtension.entitlements */,
				F19FF8452D9447B700098615 /* Stepic */,
				F1C81A362DB7C2480007D059 /* StepicWidget */,
				F1C81A312DB7C2480007D059 /* Frameworks */,
				F19FF8442D9447B700098615 /* Products */,
			);
			sourceTree = "<group>";
		};
		F19FF8442D9447B700098615 /* Products */ = {
			isa = PBXGroup;
			children = (
				F19FF8432D9447B700098615 /* Stepic.app */,
				F1C81A302DB7C2480007D059 /* StepicWidgetExtension.appex */,
			);
			name = Products;
			sourceTree = "<group>";
		};
		F1C81A312DB7C2480007D059 /* Frameworks */ = {
			isa = PBXGroup;
			children = (
				F1C81A322DB7C2480007D059 /* WidgetKit.framework */,
				F1C81A342DB7C2480007D059 /* SwiftUI.framework */,
			);
			name = Frameworks;
			sourceTree = "<group>";
		};
/* End PBXGroup section */

/* Begin PBXNativeTarget section */
		F19FF8422D9447B700098615 /* Stepic */ = {
			isa = PBXNativeTarget;
			buildConfigurationList = F19FF8562D9447B900098615 /* Build configuration list for PBXNativeTarget "Stepic" */;
			buildPhases = (
				F19FF83F2D9447B700098615 /* Sources */,
				F19FF8402D9447B700098615 /* Frameworks */,
				F19FF8412D9447B700098615 /* Resources */,
				F1A408B22D956E3B00947B9F /* Embed Frameworks */,
				F1C81A422DB7C24B0007D059 /* Embed Foundation Extensions */,
				F12BAA4B2DB6486F00D81CC3 /* Google Crashlytics */,
			);
			buildRules = (
			);
			dependencies = (
				F1C81A412DB7C24A0007D059 /* PBXTargetDependency */,
			);
			fileSystemSynchronizedGroups = (
				F19FF8452D9447B700098615 /* Stepic */,
			);
			name = Stepic;
			packageProductDependencies = (
				F19FF8662D944A4E00098615 /* RxCocoa */,
				F19FF8682D944A4E00098615 /* RxSwift */,
				F19FF86B2D944A5F00098615 /* Lottie */,
				F1A408AF2D956D8700947B9F /* RealmSwift */,
				F1A408B42D9577A300947B9F /* FSCalendar */,
				F1A408B72D9577BE00947B9F /* SnapKit */,
				F17442FE2D9976D30089D8AE /* RxGesture */,
				F1EDF35B2D9D65AB00B8CD5F /* YPImagePicker */,
				F1EDF3672D9D6EC300B8CD5F /* RxDataSources */,
				F151BD8B2D9E4E3800C1D0FA /* Toast */,
				F1FE102C2DA5633C00473ED5 /* ReactorKit */,
				F1A266602DB62547006974EA /* FirebaseAnalyticsWithoutAdIdSupport */,
				F1A266622DB62547006974EA /* FirebaseCrashlytics */,
			);
			productName = Stepic;
			productReference = F19FF8432D9447B700098615 /* Stepic.app */;
			productType = "com.apple.product-type.application";
		};
		F1C81A2F2DB7C2480007D059 /* StepicWidgetExtension */ = {
			isa = PBXNativeTarget;
			buildConfigurationList = F1C81A442DB7C24B0007D059 /* Build configuration list for PBXNativeTarget "StepicWidgetExtension" */;
			buildPhases = (
				F1C81A2C2DB7C2480007D059 /* Sources */,
				F1C81A2D2DB7C2480007D059 /* Frameworks */,
				F1C81A2E2DB7C2480007D059 /* Resources */,
			);
			buildRules = (
			);
			dependencies = (
			);
			fileSystemSynchronizedGroups = (
				F1C81A362DB7C2480007D059 /* StepicWidget */,
			);
			name = StepicWidgetExtension;
			packageProductDependencies = (
				F1C81A4C2DB7C4670007D059 /* RealmSwift */,
			);
			productName = StepicWidgetExtension;
			productReference = F1C81A302DB7C2480007D059 /* StepicWidgetExtension.appex */;
			productType = "com.apple.product-type.app-extension";
		};
/* End PBXNativeTarget section */

/* Begin PBXProject section */
		F19FF83B2D9447B700098615 /* Project object */ = {
			isa = PBXProject;
			attributes = {
				BuildIndependentTargetsInParallel = 1;
				LastSwiftUpdateCheck = 1630;
				LastUpgradeCheck = 1630;
				TargetAttributes = {
					F19FF8422D9447B700098615 = {
						CreatedOnToolsVersion = 16.2;
					};
					F1C81A2F2DB7C2480007D059 = {
						CreatedOnToolsVersion = 16.3;
					};
				};
			};
			buildConfigurationList = F19FF83E2D9447B700098615 /* Build configuration list for PBXProject "Stepic" */;
			developmentRegion = ko;
			hasScannedForEncodings = 0;
			knownRegions = (
				en,
				Base,
				ko,
			);
			mainGroup = F19FF83A2D9447B700098615;
			minimizedProjectReferenceProxies = 1;
			packageReferences = (
				F19FF8652D944A4E00098615 /* XCRemoteSwiftPackageReference "RxSwift" */,
				F19FF86A2D944A5F00098615 /* XCRemoteSwiftPackageReference "lottie-ios" */,
				F1A408AE2D956D8700947B9F /* XCRemoteSwiftPackageReference "realm-swift" */,
				F1A408B32D9577A300947B9F /* XCRemoteSwiftPackageReference "FSCalendar" */,
				F1A408B62D9577BE00947B9F /* XCRemoteSwiftPackageReference "SnapKit" */,
				F17442FD2D9976D30089D8AE /* XCRemoteSwiftPackageReference "RxGesture" */,
				F1EDF35A2D9D65AB00B8CD5F /* XCRemoteSwiftPackageReference "YPImagePicker" */,
				F1EDF3662D9D6EC300B8CD5F /* XCRemoteSwiftPackageReference "RxDataSources" */,
				F151BD8A2D9E4E3800C1D0FA /* XCRemoteSwiftPackageReference "Toast-Swift" */,
				F1FE102B2DA5633C00473ED5 /* XCRemoteSwiftPackageReference "ReactorKit" */,
				F1A2665F2DB62547006974EA /* XCRemoteSwiftPackageReference "firebase-ios-sdk" */,
			);
			preferredProjectObjectVersion = 77;
			productRefGroup = F19FF8442D9447B700098615 /* Products */;
			projectDirPath = "";
			projectRoot = "";
			targets = (
				F19FF8422D9447B700098615 /* Stepic */,
				F1C81A2F2DB7C2480007D059 /* StepicWidgetExtension */,
			);
		};
/* End PBXProject section */

/* Begin PBXResourcesBuildPhase section */
		F19FF8412D9447B700098615 /* Resources */ = {
			isa = PBXResourcesBuildPhase;
			buildActionMask = 2147483647;
			files = (
			);
			runOnlyForDeploymentPostprocessing = 0;
		};
		F1C81A2E2DB7C2480007D059 /* Resources */ = {
			isa = PBXResourcesBuildPhase;
			buildActionMask = 2147483647;
			files = (
			);
			runOnlyForDeploymentPostprocessing = 0;
		};
/* End PBXResourcesBuildPhase section */

/* Begin PBXShellScriptBuildPhase section */
		F12BAA4B2DB6486F00D81CC3 /* Google Crashlytics */ = {
			isa = PBXShellScriptBuildPhase;
			buildActionMask = 2147483647;
			files = (
			);
			inputFileListPaths = (
			);
			inputPaths = (
				"${DWARF_DSYM_FOLDER_PATH}/${DWARF_DSYM_FILE_NAME}",
				"${DWARF_DSYM_FOLDER_PATH}/${DWARF_DSYM_FILE_NAME}/Contents/Resources/DWARF/${PRODUCT_NAME}",
				"${DWARF_DSYM_FOLDER_PATH}/${DWARF_DSYM_FILE_NAME}/Contents/Info.plist",
				"$(TARGET_BUILD_DIR)/$(UNLOCALIZED_RESOURCES_FOLDER_PATH)/GoogleService-Info.plist",
				"$(TARGET_BUILD_DIR)/$(EXECUTABLE_PATH)",
			);
			name = "Google Crashlytics";
			outputFileListPaths = (
			);
			outputPaths = (
			);
			runOnlyForDeploymentPostprocessing = 0;
			shellPath = /bin/sh;
			shellScript = "\"${BUILD_DIR%/Build/*}/SourcePackages/checkouts/firebase-ios-sdk/Crashlytics/run\"\n";
		};
/* End PBXShellScriptBuildPhase section */

/* Begin PBXSourcesBuildPhase section */
		F19FF83F2D9447B700098615 /* Sources */ = {
			isa = PBXSourcesBuildPhase;
			buildActionMask = 2147483647;
			files = (
			);
			runOnlyForDeploymentPostprocessing = 0;
		};
		F1C81A2C2DB7C2480007D059 /* Sources */ = {
			isa = PBXSourcesBuildPhase;
			buildActionMask = 2147483647;
			files = (
			);
			runOnlyForDeploymentPostprocessing = 0;
		};
/* End PBXSourcesBuildPhase section */

/* Begin PBXTargetDependency section */
		F1C81A412DB7C24A0007D059 /* PBXTargetDependency */ = {
			isa = PBXTargetDependency;
			target = F1C81A2F2DB7C2480007D059 /* StepicWidgetExtension */;
			targetProxy = F1C81A402DB7C24A0007D059 /* PBXContainerItemProxy */;
		};
/* End PBXTargetDependency section */

/* Begin XCBuildConfiguration section */
		F19FF8572D9447B900098615 /* Debug */ = {
			isa = XCBuildConfiguration;
			buildSettings = {
				ASSETCATALOG_COMPILER_APPICON_NAME = AppIcon;
				ASSETCATALOG_COMPILER_GLOBAL_ACCENT_COLOR_NAME = AccentColor;
				CODE_SIGN_ENTITLEMENTS = Stepic/Stepic.entitlements;
				CODE_SIGN_STYLE = Automatic;
				CURRENT_PROJECT_VERSION = 1;
				GENERATE_INFOPLIST_FILE = YES;
				INFOPLIST_FILE = Stepic/Resource/Base.lproj/Info.plist;
				INFOPLIST_KEY_CFBundleDisplayName = Stepic;
				INFOPLIST_KEY_NSCameraUsageDescription = "산책 중 기억하고 싶은 장면이나 순간을 사진이나 영상으로 기록하기 위해 카메라 권한이 필요합니다.";
				INFOPLIST_KEY_NSLocationWhenInUseUsageDescription = "산책 경로를 기록하고 날씨 및 도시 정보를 제공하기 위해 위치 정보가 필요합니다.";
				INFOPLIST_KEY_NSMicrophoneUsageDescription = "산책 중 소리를 함께 담은 영상을 녹화하기 위해 마이크 권한이 필요합니다.";
				INFOPLIST_KEY_NSPhotoLibraryUsageDescription = "산책하면서 남긴 소중한 순간들을 불러오기 위해 앨범 접근 권한이 필요합니다.";
				INFOPLIST_KEY_UIApplicationSupportsIndirectInputEvents = YES;
				INFOPLIST_KEY_UILaunchStoryboardName = LaunchScreen;
				INFOPLIST_KEY_UISupportedInterfaceOrientations = UIInterfaceOrientationPortrait;
				INFOPLIST_KEY_UISupportedInterfaceOrientations_iPad = UIInterfaceOrientationPortrait;
				IPHONEOS_DEPLOYMENT_TARGET = 16.0;
				LD_RUNPATH_SEARCH_PATHS = (
					"$(inherited)",
					"@executable_path/Frameworks",
				);
				MARKETING_VERSION = 1.3.1;
				PRODUCT_BUNDLE_IDENTIFIER = com.alstn38.Stepic;
				PRODUCT_NAME = "$(TARGET_NAME)";
				SUPPORTED_PLATFORMS = "iphoneos iphonesimulator";
				SUPPORTS_MACCATALYST = NO;
				SUPPORTS_MAC_DESIGNED_FOR_IPHONE_IPAD = NO;
				SUPPORTS_XR_DESIGNED_FOR_IPHONE_IPAD = NO;
				SWIFT_EMIT_LOC_STRINGS = YES;
				SWIFT_VERSION = 5.0;
				TARGETED_DEVICE_FAMILY = 1;
			};
			name = Debug;
		};
		F19FF8582D9447B900098615 /* Release */ = {
			isa = XCBuildConfiguration;
			buildSettings = {
				ASSETCATALOG_COMPILER_APPICON_NAME = AppIcon;
				ASSETCATALOG_COMPILER_GLOBAL_ACCENT_COLOR_NAME = AccentColor;
				CODE_SIGN_ENTITLEMENTS = Stepic/Stepic.entitlements;
				CODE_SIGN_STYLE = Automatic;
				CURRENT_PROJECT_VERSION = 1;
				GENERATE_INFOPLIST_FILE = YES;
				INFOPLIST_FILE = Stepic/Resource/Base.lproj/Info.plist;
				INFOPLIST_KEY_CFBundleDisplayName = Stepic;
				INFOPLIST_KEY_NSCameraUsageDescription = "산책 중 기억하고 싶은 장면이나 순간을 사진이나 영상으로 기록하기 위해 카메라 권한이 필요합니다.";
				INFOPLIST_KEY_NSLocationWhenInUseUsageDescription = "산책 경로를 기록하고 날씨 및 도시 정보를 제공하기 위해 위치 정보가 필요합니다.";
				INFOPLIST_KEY_NSMicrophoneUsageDescription = "산책 중 소리를 함께 담은 영상을 녹화하기 위해 마이크 권한이 필요합니다.";
				INFOPLIST_KEY_NSPhotoLibraryUsageDescription = "산책하면서 남긴 소중한 순간들을 불러오기 위해 앨범 접근 권한이 필요합니다.";
				INFOPLIST_KEY_UIApplicationSupportsIndirectInputEvents = YES;
				INFOPLIST_KEY_UILaunchStoryboardName = LaunchScreen;
				INFOPLIST_KEY_UISupportedInterfaceOrientations = UIInterfaceOrientationPortrait;
				INFOPLIST_KEY_UISupportedInterfaceOrientations_iPad = UIInterfaceOrientationPortrait;
				IPHONEOS_DEPLOYMENT_TARGET = 16.0;
				LD_RUNPATH_SEARCH_PATHS = (
					"$(inherited)",
					"@executable_path/Frameworks",
				);
				MARKETING_VERSION = 1.3.1;
				PRODUCT_BUNDLE_IDENTIFIER = com.alstn38.Stepic;
				PRODUCT_NAME = "$(TARGET_NAME)";
				SUPPORTED_PLATFORMS = "iphoneos iphonesimulator";
				SUPPORTS_MACCATALYST = NO;
				SUPPORTS_MAC_DESIGNED_FOR_IPHONE_IPAD = NO;
				SUPPORTS_XR_DESIGNED_FOR_IPHONE_IPAD = NO;
				SWIFT_EMIT_LOC_STRINGS = YES;
				SWIFT_VERSION = 5.0;
				TARGETED_DEVICE_FAMILY = 1;
			};
			name = Release;
		};
		F19FF8592D9447B900098615 /* Debug */ = {
			isa = XCBuildConfiguration;
			buildSettings = {
				ALWAYS_SEARCH_USER_PATHS = NO;
				ASSETCATALOG_COMPILER_GENERATE_SWIFT_ASSET_SYMBOL_EXTENSIONS = YES;
				CLANG_ANALYZER_LOCALIZABILITY_NONLOCALIZED = YES;
				CLANG_ANALYZER_NONNULL = YES;
				CLANG_ANALYZER_NUMBER_OBJECT_CONVERSION = YES_AGGRESSIVE;
				CLANG_CXX_LANGUAGE_STANDARD = "gnu++20";
				CLANG_ENABLE_MODULES = YES;
				CLANG_ENABLE_OBJC_ARC = YES;
				CLANG_ENABLE_OBJC_WEAK = YES;
				CLANG_WARN_BLOCK_CAPTURE_AUTORELEASING = YES;
				CLANG_WARN_BOOL_CONVERSION = YES;
				CLANG_WARN_COMMA = YES;
				CLANG_WARN_CONSTANT_CONVERSION = YES;
				CLANG_WARN_DEPRECATED_OBJC_IMPLEMENTATIONS = YES;
				CLANG_WARN_DIRECT_OBJC_ISA_USAGE = YES_ERROR;
				CLANG_WARN_DOCUMENTATION_COMMENTS = YES;
				CLANG_WARN_EMPTY_BODY = YES;
				CLANG_WARN_ENUM_CONVERSION = YES;
				CLANG_WARN_INFINITE_RECURSION = YES;
				CLANG_WARN_INT_CONVERSION = YES;
				CLANG_WARN_NON_LITERAL_NULL_CONVERSION = YES;
				CLANG_WARN_OBJC_IMPLICIT_RETAIN_SELF = YES;
				CLANG_WARN_OBJC_LITERAL_CONVERSION = YES;
				CLANG_WARN_OBJC_ROOT_CLASS = YES_ERROR;
				CLANG_WARN_QUOTED_INCLUDE_IN_FRAMEWORK_HEADER = YES;
				CLANG_WARN_RANGE_LOOP_ANALYSIS = YES;
				CLANG_WARN_STRICT_PROTOTYPES = YES;
				CLANG_WARN_SUSPICIOUS_MOVE = YES;
				CLANG_WARN_UNGUARDED_AVAILABILITY = YES_AGGRESSIVE;
				CLANG_WARN_UNREACHABLE_CODE = YES;
				CLANG_WARN__DUPLICATE_METHOD_MATCH = YES;
				COPY_PHASE_STRIP = NO;
				DEBUG_INFORMATION_FORMAT = "dwarf-with-dsym";
				DEVELOPMENT_TEAM = 5YM44C4YT8;
				ENABLE_STRICT_OBJC_MSGSEND = YES;
				ENABLE_TESTABILITY = YES;
				ENABLE_USER_SCRIPT_SANDBOXING = YES;
				GCC_C_LANGUAGE_STANDARD = gnu17;
				GCC_DYNAMIC_NO_PIC = NO;
				GCC_NO_COMMON_BLOCKS = YES;
				GCC_OPTIMIZATION_LEVEL = 0;
				GCC_PREPROCESSOR_DEFINITIONS = (
					"DEBUG=1",
					"$(inherited)",
				);
				GCC_WARN_64_TO_32_BIT_CONVERSION = YES;
				GCC_WARN_ABOUT_RETURN_TYPE = YES_ERROR;
				GCC_WARN_UNDECLARED_SELECTOR = YES;
				GCC_WARN_UNINITIALIZED_AUTOS = YES_AGGRESSIVE;
				GCC_WARN_UNUSED_FUNCTION = YES;
				GCC_WARN_UNUSED_VARIABLE = YES;
				IPHONEOS_DEPLOYMENT_TARGET = 18.2;
				LOCALIZATION_PREFERS_STRING_CATALOGS = YES;
				MTL_ENABLE_DEBUG_INFO = INCLUDE_SOURCE;
				MTL_FAST_MATH = YES;
				ONLY_ACTIVE_ARCH = YES;
				SDKROOT = iphoneos;
				SWIFT_ACTIVE_COMPILATION_CONDITIONS = "DEBUG $(inherited)";
				SWIFT_EMIT_LOC_STRINGS = YES;
				SWIFT_OPTIMIZATION_LEVEL = "-Onone";
			};
			name = Debug;
		};
		F19FF85A2D9447B900098615 /* Release */ = {
			isa = XCBuildConfiguration;
			buildSettings = {
				ALWAYS_SEARCH_USER_PATHS = NO;
				ASSETCATALOG_COMPILER_GENERATE_SWIFT_ASSET_SYMBOL_EXTENSIONS = YES;
				CLANG_ANALYZER_LOCALIZABILITY_NONLOCALIZED = YES;
				CLANG_ANALYZER_NONNULL = YES;
				CLANG_ANALYZER_NUMBER_OBJECT_CONVERSION = YES_AGGRESSIVE;
				CLANG_CXX_LANGUAGE_STANDARD = "gnu++20";
				CLANG_ENABLE_MODULES = YES;
				CLANG_ENABLE_OBJC_ARC = YES;
				CLANG_ENABLE_OBJC_WEAK = YES;
				CLANG_WARN_BLOCK_CAPTURE_AUTORELEASING = YES;
				CLANG_WARN_BOOL_CONVERSION = YES;
				CLANG_WARN_COMMA = YES;
				CLANG_WARN_CONSTANT_CONVERSION = YES;
				CLANG_WARN_DEPRECATED_OBJC_IMPLEMENTATIONS = YES;
				CLANG_WARN_DIRECT_OBJC_ISA_USAGE = YES_ERROR;
				CLANG_WARN_DOCUMENTATION_COMMENTS = YES;
				CLANG_WARN_EMPTY_BODY = YES;
				CLANG_WARN_ENUM_CONVERSION = YES;
				CLANG_WARN_INFINITE_RECURSION = YES;
				CLANG_WARN_INT_CONVERSION = YES;
				CLANG_WARN_NON_LITERAL_NULL_CONVERSION = YES;
				CLANG_WARN_OBJC_IMPLICIT_RETAIN_SELF = YES;
				CLANG_WARN_OBJC_LITERAL_CONVERSION = YES;
				CLANG_WARN_OBJC_ROOT_CLASS = YES_ERROR;
				CLANG_WARN_QUOTED_INCLUDE_IN_FRAMEWORK_HEADER = YES;
				CLANG_WARN_RANGE_LOOP_ANALYSIS = YES;
				CLANG_WARN_STRICT_PROTOTYPES = YES;
				CLANG_WARN_SUSPICIOUS_MOVE = YES;
				CLANG_WARN_UNGUARDED_AVAILABILITY = YES_AGGRESSIVE;
				CLANG_WARN_UNREACHABLE_CODE = YES;
				CLANG_WARN__DUPLICATE_METHOD_MATCH = YES;
				COPY_PHASE_STRIP = NO;
				DEBUG_INFORMATION_FORMAT = "dwarf-with-dsym";
				DEVELOPMENT_TEAM = 5YM44C4YT8;
				ENABLE_NS_ASSERTIONS = NO;
				ENABLE_STRICT_OBJC_MSGSEND = YES;
				ENABLE_USER_SCRIPT_SANDBOXING = YES;
				GCC_C_LANGUAGE_STANDARD = gnu17;
				GCC_NO_COMMON_BLOCKS = YES;
				GCC_WARN_64_TO_32_BIT_CONVERSION = YES;
				GCC_WARN_ABOUT_RETURN_TYPE = YES_ERROR;
				GCC_WARN_UNDECLARED_SELECTOR = YES;
				GCC_WARN_UNINITIALIZED_AUTOS = YES_AGGRESSIVE;
				GCC_WARN_UNUSED_FUNCTION = YES;
				GCC_WARN_UNUSED_VARIABLE = YES;
				IPHONEOS_DEPLOYMENT_TARGET = 18.2;
				LOCALIZATION_PREFERS_STRING_CATALOGS = YES;
				MTL_ENABLE_DEBUG_INFO = NO;
				MTL_FAST_MATH = YES;
				SDKROOT = iphoneos;
				SWIFT_COMPILATION_MODE = wholemodule;
				SWIFT_EMIT_LOC_STRINGS = YES;
				VALIDATE_PRODUCT = YES;
			};
			name = Release;
		};
		F1C81A452DB7C24B0007D059 /* Debug */ = {
			isa = XCBuildConfiguration;
			buildSettings = {
				ASSETCATALOG_COMPILER_GLOBAL_ACCENT_COLOR_NAME = AccentColor;
				ASSETCATALOG_COMPILER_WIDGET_BACKGROUND_COLOR_NAME = WidgetBackground;
				CODE_SIGN_ENTITLEMENTS = StepicWidgetExtension.entitlements;
				CODE_SIGN_STYLE = Automatic;
				CURRENT_PROJECT_VERSION = 1;
				DEBUG_INFORMATION_FORMAT = dwarf;
				GENERATE_INFOPLIST_FILE = YES;
				INFOPLIST_FILE = StepicWidget/Resource/Info.plist;
				INFOPLIST_KEY_CFBundleDisplayName = StepicWidget;
				INFOPLIST_KEY_NSHumanReadableCopyright = "";
				IPHONEOS_DEPLOYMENT_TARGET = 16.0;
				LD_RUNPATH_SEARCH_PATHS = (
					"$(inherited)",
					"@executable_path/Frameworks",
					"@executable_path/../../Frameworks",
				);
				MARKETING_VERSION = 1.3.1;
				PRODUCT_BUNDLE_IDENTIFIER = com.alstn38.Stepic.StepicWidget;
				PRODUCT_NAME = "$(TARGET_NAME)";
				SKIP_INSTALL = YES;
				SUPPORTED_PLATFORMS = "iphoneos iphonesimulator";
				SUPPORTS_MACCATALYST = NO;
				SUPPORTS_MAC_DESIGNED_FOR_IPHONE_IPAD = NO;
				SUPPORTS_XR_DESIGNED_FOR_IPHONE_IPAD = NO;
				SWIFT_EMIT_LOC_STRINGS = YES;
				SWIFT_VERSION = 5.0;
				TARGETED_DEVICE_FAMILY = 1;
			};
			name = Debug;
		};
		F1C81A462DB7C24B0007D059 /* Release */ = {
			isa = XCBuildConfiguration;
			buildSettings = {
				ASSETCATALOG_COMPILER_GLOBAL_ACCENT_COLOR_NAME = AccentColor;
				ASSETCATALOG_COMPILER_WIDGET_BACKGROUND_COLOR_NAME = WidgetBackground;
				CODE_SIGN_ENTITLEMENTS = StepicWidgetExtension.entitlements;
				CODE_SIGN_STYLE = Automatic;
				CURRENT_PROJECT_VERSION = 1;
				GENERATE_INFOPLIST_FILE = YES;
				INFOPLIST_FILE = StepicWidget/Resource/Info.plist;
				INFOPLIST_KEY_CFBundleDisplayName = StepicWidget;
				INFOPLIST_KEY_NSHumanReadableCopyright = "";
				IPHONEOS_DEPLOYMENT_TARGET = 16.0;
				LD_RUNPATH_SEARCH_PATHS = (
					"$(inherited)",
					"@executable_path/Frameworks",
					"@executable_path/../../Frameworks",
				);
				MARKETING_VERSION = 1.3.1;
				PRODUCT_BUNDLE_IDENTIFIER = com.alstn38.Stepic.StepicWidget;
				PRODUCT_NAME = "$(TARGET_NAME)";
				SKIP_INSTALL = YES;
				SUPPORTED_PLATFORMS = "iphoneos iphonesimulator";
				SUPPORTS_MACCATALYST = NO;
				SUPPORTS_MAC_DESIGNED_FOR_IPHONE_IPAD = NO;
				SUPPORTS_XR_DESIGNED_FOR_IPHONE_IPAD = NO;
				SWIFT_EMIT_LOC_STRINGS = YES;
				SWIFT_VERSION = 5.0;
				TARGETED_DEVICE_FAMILY = 1;
			};
			name = Release;
		};
/* End XCBuildConfiguration section */

/* Begin XCConfigurationList section */
		F19FF83E2D9447B700098615 /* Build configuration list for PBXProject "Stepic" */ = {
			isa = XCConfigurationList;
			buildConfigurations = (
				F19FF8592D9447B900098615 /* Debug */,
				F19FF85A2D9447B900098615 /* Release */,
			);
			defaultConfigurationIsVisible = 0;
			defaultConfigurationName = Release;
		};
		F19FF8562D9447B900098615 /* Build configuration list for PBXNativeTarget "Stepic" */ = {
			isa = XCConfigurationList;
			buildConfigurations = (
				F19FF8572D9447B900098615 /* Debug */,
				F19FF8582D9447B900098615 /* Release */,
			);
			defaultConfigurationIsVisible = 0;
			defaultConfigurationName = Release;
		};
		F1C81A442DB7C24B0007D059 /* Build configuration list for PBXNativeTarget "StepicWidgetExtension" */ = {
			isa = XCConfigurationList;
			buildConfigurations = (
				F1C81A452DB7C24B0007D059 /* Debug */,
				F1C81A462DB7C24B0007D059 /* Release */,
			);
			defaultConfigurationIsVisible = 0;
			defaultConfigurationName = Release;
		};
/* End XCConfigurationList section */

/* Begin XCRemoteSwiftPackageReference section */
		F151BD8A2D9E4E3800C1D0FA /* XCRemoteSwiftPackageReference "Toast-Swift" */ = {
			isa = XCRemoteSwiftPackageReference;
			repositoryURL = "https://github.com/scalessec/Toast-Swift.git";
			requirement = {
				kind = upToNextMajorVersion;
				minimumVersion = 5.1.1;
			};
		};
		F17442FD2D9976D30089D8AE /* XCRemoteSwiftPackageReference "RxGesture" */ = {
			isa = XCRemoteSwiftPackageReference;
			repositoryURL = "https://github.com/RxSwiftCommunity/RxGesture.git";
			requirement = {
				kind = upToNextMajorVersion;
				minimumVersion = 4.0.4;
			};
		};
		F19FF8652D944A4E00098615 /* XCRemoteSwiftPackageReference "RxSwift" */ = {
			isa = XCRemoteSwiftPackageReference;
			repositoryURL = "https://github.com/ReactiveX/RxSwift.git";
			requirement = {
				kind = upToNextMajorVersion;
				minimumVersion = 6.9.0;
			};
		};
		F19FF86A2D944A5F00098615 /* XCRemoteSwiftPackageReference "lottie-ios" */ = {
			isa = XCRemoteSwiftPackageReference;
			repositoryURL = "https://github.com/airbnb/lottie-ios.git";
			requirement = {
				kind = upToNextMajorVersion;
				minimumVersion = 4.5.1;
			};
		};
		F1A2665F2DB62547006974EA /* XCRemoteSwiftPackageReference "firebase-ios-sdk" */ = {
			isa = XCRemoteSwiftPackageReference;
			repositoryURL = "https://github.com/firebase/firebase-ios-sdk";
			requirement = {
				kind = upToNextMajorVersion;
				minimumVersion = 11.11.0;
			};
		};
		F1A408AE2D956D8700947B9F /* XCRemoteSwiftPackageReference "realm-swift" */ = {
			isa = XCRemoteSwiftPackageReference;
			repositoryURL = "https://github.com/realm/realm-swift.git";
			requirement = {
				kind = exactVersion;
				version = 10.54.3;
			};
		};
		F1A408B32D9577A300947B9F /* XCRemoteSwiftPackageReference "FSCalendar" */ = {
			isa = XCRemoteSwiftPackageReference;
			repositoryURL = "https://github.com/WenchaoD/FSCalendar.git";
			requirement = {
				kind = upToNextMajorVersion;
				minimumVersion = 2.8.4;
			};
		};
		F1A408B62D9577BE00947B9F /* XCRemoteSwiftPackageReference "SnapKit" */ = {
			isa = XCRemoteSwiftPackageReference;
			repositoryURL = "https://github.com/SnapKit/SnapKit.git";
			requirement = {
				kind = upToNextMajorVersion;
				minimumVersion = 5.7.1;
			};
		};
		F1EDF35A2D9D65AB00B8CD5F /* XCRemoteSwiftPackageReference "YPImagePicker" */ = {
			isa = XCRemoteSwiftPackageReference;
			repositoryURL = "https://github.com/Yummypets/YPImagePicker.git";
			requirement = {
				kind = upToNextMajorVersion;
				minimumVersion = 5.2.2;
			};
		};
		F1EDF3662D9D6EC300B8CD5F /* XCRemoteSwiftPackageReference "RxDataSources" */ = {
			isa = XCRemoteSwiftPackageReference;
			repositoryURL = "https://github.com/RxSwiftCommunity/RxDataSources.git";
			requirement = {
				kind = upToNextMajorVersion;
				minimumVersion = 5.0.2;
			};
		};
		F1FE102B2DA5633C00473ED5 /* XCRemoteSwiftPackageReference "ReactorKit" */ = {
			isa = XCRemoteSwiftPackageReference;
			repositoryURL = "https://github.com/ReactorKit/ReactorKit.git";
			requirement = {
				kind = upToNextMajorVersion;
				minimumVersion = 3.2.0;
			};
		};
/* End XCRemoteSwiftPackageReference section */

/* Begin XCSwiftPackageProductDependency section */
		F151BD8B2D9E4E3800C1D0FA /* Toast */ = {
			isa = XCSwiftPackageProductDependency;
			package = F151BD8A2D9E4E3800C1D0FA /* XCRemoteSwiftPackageReference "Toast-Swift" */;
			productName = Toast;
		};
		F17442FE2D9976D30089D8AE /* RxGesture */ = {
			isa = XCSwiftPackageProductDependency;
			package = F17442FD2D9976D30089D8AE /* XCRemoteSwiftPackageReference "RxGesture" */;
			productName = RxGesture;
		};
		F19FF8662D944A4E00098615 /* RxCocoa */ = {
			isa = XCSwiftPackageProductDependency;
			package = F19FF8652D944A4E00098615 /* XCRemoteSwiftPackageReference "RxSwift" */;
			productName = RxCocoa;
		};
		F19FF8682D944A4E00098615 /* RxSwift */ = {
			isa = XCSwiftPackageProductDependency;
			package = F19FF8652D944A4E00098615 /* XCRemoteSwiftPackageReference "RxSwift" */;
			productName = RxSwift;
		};
		F19FF86B2D944A5F00098615 /* Lottie */ = {
			isa = XCSwiftPackageProductDependency;
			package = F19FF86A2D944A5F00098615 /* XCRemoteSwiftPackageReference "lottie-ios" */;
			productName = Lottie;
		};
		F1A266602DB62547006974EA /* FirebaseAnalyticsWithoutAdIdSupport */ = {
			isa = XCSwiftPackageProductDependency;
			package = F1A2665F2DB62547006974EA /* XCRemoteSwiftPackageReference "firebase-ios-sdk" */;
			productName = FirebaseAnalyticsWithoutAdIdSupport;
		};
		F1A266622DB62547006974EA /* FirebaseCrashlytics */ = {
			isa = XCSwiftPackageProductDependency;
			package = F1A2665F2DB62547006974EA /* XCRemoteSwiftPackageReference "firebase-ios-sdk" */;
			productName = FirebaseCrashlytics;
		};
		F1A408AF2D956D8700947B9F /* RealmSwift */ = {
			isa = XCSwiftPackageProductDependency;
			package = F1A408AE2D956D8700947B9F /* XCRemoteSwiftPackageReference "realm-swift" */;
			productName = RealmSwift;
		};
		F1A408B42D9577A300947B9F /* FSCalendar */ = {
			isa = XCSwiftPackageProductDependency;
			package = F1A408B32D9577A300947B9F /* XCRemoteSwiftPackageReference "FSCalendar" */;
			productName = FSCalendar;
		};
		F1A408B72D9577BE00947B9F /* SnapKit */ = {
			isa = XCSwiftPackageProductDependency;
			package = F1A408B62D9577BE00947B9F /* XCRemoteSwiftPackageReference "SnapKit" */;
			productName = SnapKit;
		};
		F1C81A4C2DB7C4670007D059 /* RealmSwift */ = {
			isa = XCSwiftPackageProductDependency;
			package = F1A408AE2D956D8700947B9F /* XCRemoteSwiftPackageReference "realm-swift" */;
			productName = RealmSwift;
		};
		F1EDF35B2D9D65AB00B8CD5F /* YPImagePicker */ = {
			isa = XCSwiftPackageProductDependency;
			package = F1EDF35A2D9D65AB00B8CD5F /* XCRemoteSwiftPackageReference "YPImagePicker" */;
			productName = YPImagePicker;
		};
		F1EDF3672D9D6EC300B8CD5F /* RxDataSources */ = {
			isa = XCSwiftPackageProductDependency;
			package = F1EDF3662D9D6EC300B8CD5F /* XCRemoteSwiftPackageReference "RxDataSources" */;
			productName = RxDataSources;
		};
		F1FE102C2DA5633C00473ED5 /* ReactorKit */ = {
			isa = XCSwiftPackageProductDependency;
			package = F1FE102B2DA5633C00473ED5 /* XCRemoteSwiftPackageReference "ReactorKit" */;
			productName = ReactorKit;
		};
/* End XCSwiftPackageProductDependency section */
	};
	rootObject = F19FF83B2D9447B700098615 /* Project object */;
}
